
Microsoft Visual Studio Solution File, Format Version 12.00
# Visual Studio 15
Project("{FAE04EC0-301F-11D3-BF4B-00C04F79EFBC}") = "Client", "Client.csproj", "{F2B9FF38-928D-40F5-A757-B6C7B9491A34}"
EndProject
Global
	GlobalSection(SolutionConfigurationPlatforms) = preSolution
		Debug|anycpu = Debug|anycpu
		Release|anycpu = Release|anycpu
	EndGlobalSection
	GlobalSection(ProjectConfigurationPlatforms) = postSolution
		{F2B9FF38-928D-40F5-A757-B6C7B9491A34}.Debug|anycpu.ActiveCfg = Debug|anycpu
		{F2B9FF38-928D-40F5-A757-B6C7B9491A34}.Debug|anycpu.Build.0 = Debug|anycpu
		{F2B9FF38-928D-40F5-A757-B6C7B9491A34}.Release|anycpu.ActiveCfg = Release|anycpu
		{F2B9FF38-928D-40F5-A757-B6C7B9491A34}.Release|anycpu.Build.0 = Release|anycpu
	EndGlobalSection
EndGlobal
